
Microsoft Visual Studio Solution File, Format Version 12.00
# Visual Studio Version 17
VisualStudioVersion = 17.0.31903.59
MinimumVisualStudioVersion = 10.0.40219.1
Project("{2150E333-8FDC-42A3-9474-1A3956D46DE8}") = "src", "src", "{09B35630-0193-4D1D-9A17-35F4978A5B71}"
EndProject
Project("{FAE04EC0-301F-11D3-BF4B-00C04F79EFBC}") = "EcommerceOrders.Api", "src\EcommerceOrders.Api\EcommerceOrders.Api.csproj", "{99C0AA7E-101D-4518-B80C-117BE06ABA2A}"
EndProject
Project("{FAE04EC0-301F-11D3-BF4B-00C04F79EFBC}") = "EcommerceOrders.Application", "src\EcommerceOrders.Application\EcommerceOrders.Application.csproj", "{40F762FA-8764-449E-97F3-6531CA84C1A3}"
EndProject
Project("{FAE04EC0-301F-11D3-BF4B-00C04F79EFBC}") = "EcommerceOrders.Domain", "src\EcommerceOrders.Domain\EcommerceOrders.Domain.csproj", "{ED2373BB-9180-482F-B2E1-F1518F2F02DF}"
EndProject
Project("{FAE04EC0-301F-11D3-BF4B-00C04F79EFBC}") = "EcommerceOrders.Infrastructure", "src\EcommerceOrders.Infrastructure\EcommerceOrders.Infrastructure.csproj", "{AA5C70FE-936E-4402-B5B5-F5313C57E2FA}"
EndProject
Project("{2150E333-8FDC-42A3-9474-1A3956D46DE8}") = "tests", "tests", "{AB5BD578-01C9-49EF-9E14-8194629378F7}"
EndProject
Project("{FAE04EC0-301F-11D3-BF4B-00C04F79EFBC}") = "EcommerceOrders.UnitTests", "tests\EcommerceOrders.UnitTests\EcommerceOrders.UnitTests.csproj", "{A38DC82C-120D-4243-B5F3-E8ECF3330C3D}"
EndProject
Global
	GlobalSection(SolutionConfigurationPlatforms) = preSolution
		Debug|Any CPU = Debug|Any CPU
		Release|Any CPU = Release|Any CPU
	EndGlobalSection
	GlobalSection(SolutionProperties) = preSolution
		HideSolutionNode = FALSE
	EndGlobalSection
	GlobalSection(ProjectConfigurationPlatforms) = postSolution
		{99C0AA7E-101D-4518-B80C-117BE06ABA2A}.Debug|Any CPU.ActiveCfg = Debug|Any CPU
		{99C0AA7E-101D-4518-B80C-117BE06ABA2A}.Debug|Any CPU.Build.0 = Debug|Any CPU
		{99C0AA7E-101D-4518-B80C-117BE06ABA2A}.Release|Any CPU.ActiveCfg = Release|Any CPU
		{99C0AA7E-101D-4518-B80C-117BE06ABA2A}.Release|Any CPU.Build.0 = Release|Any CPU
		{40F762FA-8764-449E-97F3-6531CA84C1A3}.Debug|Any CPU.ActiveCfg = Debug|Any CPU
		{40F762FA-8764-449E-97F3-6531CA84C1A3}.Debug|Any CPU.Build.0 = Debug|Any CPU
		{40F762FA-8764-449E-97F3-6531CA84C1A3}.Release|Any CPU.ActiveCfg = Release|Any CPU
		{40F762FA-8764-449E-97F3-6531CA84C1A3}.Release|Any CPU.Build.0 = Release|Any CPU
		{ED2373BB-9180-482F-B2E1-F1518F2F02DF}.Debug|Any CPU.ActiveCfg = Debug|Any CPU
		{ED2373BB-9180-482F-B2E1-F1518F2F02DF}.Debug|Any CPU.Build.0 = Debug|Any CPU
		{ED2373BB-9180-482F-B2E1-F1518F2F02DF}.Release|Any CPU.ActiveCfg = Release|Any CPU
		{ED2373BB-9180-482F-B2E1-F1518F2F02DF}.Release|Any CPU.Build.0 = Release|Any CPU
		{AA5C70FE-936E-4402-B5B5-F5313C57E2FA}.Debug|Any CPU.ActiveCfg = Debug|Any CPU
		{AA5C70FE-936E-4402-B5B5-F5313C57E2FA}.Debug|Any CPU.Build.0 = Debug|Any CPU
		{AA5C70FE-936E-4402-B5B5-F5313C57E2FA}.Release|Any CPU.ActiveCfg = Release|Any CPU
		{AA5C70FE-936E-4402-B5B5-F5313C57E2FA}.Release|Any CPU.Build.0 = Release|Any CPU
		{A38DC82C-120D-4243-B5F3-E8ECF3330C3D}.Debug|Any CPU.ActiveCfg = Debug|Any CPU
		{A38DC82C-120D-4243-B5F3-E8ECF3330C3D}.Debug|Any CPU.Build.0 = Debug|Any CPU
		{A38DC82C-120D-4243-B5F3-E8ECF3330C3D}.Release|Any CPU.ActiveCfg = Release|Any CPU
		{A38DC82C-120D-4243-B5F3-E8ECF3330C3D}.Release|Any CPU.Build.0 = Release|Any CPU
	EndGlobalSection
	GlobalSection(NestedProjects) = preSolution
		{99C0AA7E-101D-4518-B80C-117BE06ABA2A} = {09B35630-0193-4D1D-9A17-35F4978A5B71}
		{40F762FA-8764-449E-97F3-6531CA84C1A3} = {09B35630-0193-4D1D-9A17-35F4978A5B71}
		{ED2373BB-9180-482F-B2E1-F1518F2F02DF} = {09B35630-0193-4D1D-9A17-35F4978A5B71}
		{AA5C70FE-936E-4402-B5B5-F5313C57E2FA} = {09B35630-0193-4D1D-9A17-35F4978A5B71}
		{A38DC82C-120D-4243-B5F3-E8ECF3330C3D} = {AB5BD578-01C9-49EF-9E14-8194629378F7}
	EndGlobalSection
EndGlobal
